github.com/andybalholm/brotli v1.2.0 h1:ukwgCxwYrmACq68yiUqwIWnGY0cTPox/M94sVwToPjQ=
github.com/andybalholm/brotli v1.2.0/go.mod h1:rzTDkvFWvIrjDXZHkuS16NPggd91W3kUSvPlQ1pLaKY=
github.com/boltdb/bolt v1.3.1 h1:JQmyP4ZBrce+ZQu0dY660FMfatumYDLun9hBCUVIkF4=
github.com/boltdb/bolt v1.3.1/go.mod h1:clJnj/oiGkjum5o1McbSZDSLxVThjynRyGBgiAx27Ps=
github.com/boombuler/barcode v1.1.0 h1:ChaYjBR63fr4LFyGn8E8nt7dBSt3MiU3zMOZqFvVkHo=
github.com/boombuler/barcode v1.1.0/go.mod h1:paBWMcWSl3LHKBqUq+rly7CNSldXjb2rDl3JlRe0mD8=
github.com/davecgh/go-spew v1.1.1 h1:vj9j/u1bqnvCEfJOwUhtlOARqs3+rkHYY13jYWTU97c=
github.com/davecgh/go-spew v1.1.1/go.mod h1:J7Y8YcW2NihsgmVo/mv3lAwl/skON4iLHjSsI+c5H38=
github.com/pmezard/go-difflib v1.0.0 h1:4DBwDE0NGyQoBHbLQYPwSUPoCMWR5BEzIk/f1lZbAQM=
github.com/pmezard/go-difflib v1.0.0/go.mod h1:iKH77koFhYxTK1pcRnkKkqfTogsbg7gZNVY4sRDYZ/4=
github.com/speedyhoon/brwsr v1.0.0 h1:kF9f2n61QsM1HnUW53GmapPuoxLq8v4Zgn74kmOptlk=
github.com/speedyhoon/brwsr v1.0.0/go.mod h1:HObwru7w7CEozCSMImvGOBC8uZ0KlGobvzLi1uOtGyM=
github.com/speedyhoon/cnst v0.0.0-20250502153641-20575b9123ba h1:mjQ3HBJEplieb7Y2VPolSL1grQfZqH/glI5kHcAexyY=
github.com/speedyhoon/cnst v0.0.0-20250502153641-20575b9123ba/go.mod h1:xUi0SzlHkZs069+ZTlU4QXRCz0X7O+mxN85qjl5fcoM=
github.com/speedyhoon/cnst/hdrs v0.0.0-20211113032207-c4ee6ced7c21 h1:1Emev0gqj7Q66RekMmOv3ImnnqlBZBNerlE33TAm2RE=
github.com/speedyhoon/cnst/hdrs v0.0.0-20211113032207-c4ee6ced7c21/go.mod h1:VP5k7EGexlnBwvx+y3EQd1oTWzAiM7p8d/g8oWRZqjg=
github.com/speedyhoon/cnst/mime v0.0.0-20250502153641-20575b9123ba h1:XzYXwZx6WGLrH2rbks6KKpctX4gxbw+MuJ3Fkdxi0p4=
github.com/speedyhoon/cnst/mime v0.0.0-20250502153641-20575b9123ba/go.mod h1:yu/iOM2EvLiKiTv/sQ9cSfWQ/U1GCk5+RQ4GWv1RtbI=
github.com/speedyhoon/frm v0.0.0-20250916235408-b9e8d699b84e h1:P+ikY/YM9TCx37FItYhUDkMCoNPrB6NKf3bUBh3sFrA=
github.com/speedyhoon/frm v0.0.0-20250916235408-b9e8d699b84e/go.mod h1:a3fZ2UJn3ztP9mXejj3QAi8b4Tl/TXXzntqSK8SmQSE=
github.com/speedyhoon/session v0.0.0-20250826062843-e411b2909198 h1:F67hAclb/2IbwnAcNKuQnkBO6FknJnZ3VZrSxdp+TFw=
github.com/speedyhoon/session v0.0.0-20250826062843-e411b2909198/go.mod h1:WwcVxBstpRujrvjtcAN4obsn0zD95kcpwj3a8QPGxeY=
github.com/speedyhoon/text v0.0.0-20241219012428-8f112b6b4454 h1:TefHjEaALNOsYTigrq3LcB6l31w5gd3CioAp9oCMzPA=
github.com/speedyhoon/text v0.0.0-20241219012428-8f112b6b4454/go.mod h1:st0gsvKdzoX3YYrIRJeWWSUGZleYQAcIORdu/JAwXes=
github.com/speedyhoon/utl v0.0.0-20250416234816-20f7a523763c h1:etUtAyOBOZh8JxnA06yEt2tfRGlRpRIrnVEwXrgLqaw=
github.com/speedyhoon/utl v0.0.0-20250416234816-20f7a523763c/go.mod h1:wfbkfK278UxeIC0hmDMExrrBoBSNbFOFjUpmqJ9v/og=
github.com/speedyhoon/utl/tf v0.0.0-20250416234816-20f7a523763c h1:lsnAoa9LIzDP3LGEjrTo0bvY8LDhG1unZrYB5nKTZxs=
github.com/speedyhoon/utl/tf v0.0.0-20250416234816-20f7a523763c/go.mod h1:F7pya3IfvPjg9EMkJ/YNS8pr1bCGzkCqzLb6Jw+6aJ4=
github.com/speedyhoon/vl v0.0.0-20250319060316-714fb3e49463 h1:vA30p7KplZ76ysh9a5IE3In6GAGscEn3f034Am4r3v8=
github.com/speedyhoon/vl v0.0.0-20250319060316-714fb3e49463/go.mod h1:086bIrEcKHZ+rECpWDM21haeekkb3f1XnL1jmPoZsUc=
github.com/stretchr/testify v1.10.0 h1:Xv5erBjTwe/5IxqUQTdXv5kgmIvbHo3QQyRwhJsOfJA=
github.com/stretchr/testify v1.10.0/go.mod h1:r2ic/lqez/lEtzL7wO/rwa5dbSLXVDPFyf8C91i36aY=
github.com/xyproto/randomstring v1.0.5 h1:YtlWPoRdgMu3NZtP45drfy1GKoojuR7hmRcnhZqKjWU=
github.com/xyproto/randomstring v1.0.5/go.mod h1:rgmS5DeNXLivK7YprL0pY+lTuhNQW3iGxZ18UQApw/E=
golang.org/x/net v0.42.0 h1:jzkYrhi3YQWD6MLBJcsklgQsoAcw89EcZbJw8Z614hs=
golang.org/x/net v0.42.0/go.mod h1:FF1RA5d3u7nAYA4z2TkclSCKh68eSXtiFwcWQpPXdt8=
golang.org/x/sys v0.34.0 h1:H5Y5sJ2L2JRdyv7ROF1he/lPdvFsd0mJHFw2ThKHxLA=
golang.org/x/sys v0.34.0/go.mod h1:BJP2sWEmIv4KK5OTEluFJCKSidICx8ciO85XgH3Ak8k=
gopkg.in/yaml.v3 v3.0.1 h1:fxVm/GzAzEWqLHuvctI91KS9hhNmmWOoWu0XTYJS7CA=
gopkg.in/yaml.v3 v3.0.1/go.mod h1:K4uyk7z7BCEPqu6E+C64Yfv1cQ7kz7rIZviUmN+EgEM=
