github.com/andybalholm/brotli v1.2.0 h1:ukwgCxwYrmACq68yiUqwIWnGY0cTPox/M94sVwToPjQ=
github.com/andybalholm/brotli v1.2.0/go.mod h1:rzTDkvFWvIrjDXZHkuS16NPggd91W3kUSvPlQ1pLaKY=
github.com/boltdb/bolt v1.3.1 h1:JQmyP4ZBrce+ZQu0dY660FMfatumYDLun9hBCUVIkF4=
github.com/boltdb/bolt v1.3.1/go.mod h1:clJnj/oiGkjum5o1McbSZDSLxVThjynRyGBgiAx27Ps=
github.com/boombuler/barcode v1.1.0 h1:ChaYjBR63fr4LFyGn8E8nt7dBSt3MiU3zMOZqFvVkHo=
github.com/boombuler/barcode v1.1.0/go.mod h1:paBWMcWSl3LHKBqUq+rly7CNSldXjb2rDl3JlRe0mD8=
github.com/davecgh/go-spew v1.1.1 h1:vj9j/u1bqnvCEfJOwUhtlOARqs3+rkHYY13jYWTU97c=
github.com/davecgh/go-spew v1.1.1/go.mod h1:J7Y8YcW2NihsgmVo/mv3lAwl/skON4iLHjSsI+c5H38=
github.com/pmezard/go-difflib v1.0.0 h1:4DBwDE0NGyQoBHbLQYPwSUPoCMWR5BEzIk/f1lZbAQM=
github.com/pmezard/go-difflib v1.0.0/go.mod h1:iKH77koFhYxTK1pcRnkKkqfTogsbg7gZNVY4sRDYZ/4=
github.com/speedyhoon/brwsr v1.0.0 h1:kF9f2n61QsM1HnUW53GmapPuoxLq8v4Zgn74kmOptlk=
github.com/speedyhoon/brwsr v1.0.0/go.mod h1:HObwru7w7CEozCSMImvGOBC8uZ0KlGobvzLi1uOtGyM=
github.com/speedyhoon/cnst v0.0.0-20260206045209-9a53ffbbe39b h1:LfwUtG7C4luyW0hAMM2khgYCtbHLxyScCEZiXgSO+4g=
github.com/speedyhoon/cnst v0.0.0-20260206045209-9a53ffbbe39b/go.mod h1:xUi0SzlHkZs069+ZTlU4QXRCz0X7O+mxN85qjl5fcoM=
github.com/speedyhoon/cnst/hdr v0.0.0-20260206045209-9a53ffbbe39b h1:fd3+Ci5YFxzUp1/wvZp/WroufmlexCr6DhlQQOCa1OQ=
github.com/speedyhoon/cnst/hdr v0.0.0-20260206045209-9a53ffbbe39b/go.mod h1:Bl/19eiNcvuWHCpiYXIluip0lJlDCCDJBgojejkYxTA=
github.com/speedyhoon/cnst/mime v0.0.0-20260206045209-9a53ffbbe39b h1:B0JZqScBee59hBJjgSR7QpIhBBFtui3D3IUxW2hNFOY=
github.com/speedyhoon/cnst/mime v0.0.0-20260206045209-9a53ffbbe39b/go.mod h1:yu/iOM2EvLiKiTv/sQ9cSfWQ/U1GCk5+RQ4GWv1RtbI=
github.com/speedyhoon/frm v0.0.0-20260121042211-4b724f12575e h1:UZOS34/haw9Iby/psz5YY5yu+mfNOV7Jf9Tuj9T54rc=
github.com/speedyhoon/frm v0.0.0-20260121042211-4b724f12575e/go.mod h1:a3fZ2UJn3ztP9mXejj3QAi8b4Tl/TXXzntqSK8SmQSE=
github.com/speedyhoon/numnam v0.0.0-20260203072053-447015b4d8d5 h1:xclgmHwYXC4vuJWafF+R2FWl3ZQJUEVFKMyb82EYg+o=
github.com/speedyhoon/numnam v0.0.0-20260203072053-447015b4d8d5/go.mod h1:yStEt6i5jVB9vGyLrY8MTVIERIBL3jF6xxqCGKjnHaE=
github.com/speedyhoon/plrl v0.0.0-20260211001811-4633f847e897 h1:Z4yDkzWAAwC9/nonAYSUkynBySN3nfdri5LAmDkUNvg=
github.com/speedyhoon/plrl v0.0.0-20260211001811-4633f847e897/go.mod h1:XNF5451C/zadFpSy/FnDLHHCcK6DI5PVulkSN1dKYLA=
github.com/speedyhoon/session v0.0.0-20260125000254-97960b1e5ad1 h1:X5c/CN/lkA27J8bybDzlg2MxOUVD8E6lcGCCbGvKwWA=
github.com/speedyhoon/session v0.0.0-20260125000254-97960b1e5ad1/go.mod h1:mHQuTU8vRWhDHEQpoDLo35rgH8N6ClAz9HIICtmyTMM=
github.com/speedyhoon/text v0.0.0-20250319062420-ab0385d8dc04 h1:enw6o5KY06GtXuEqr3DZStR3P9O+LCIYCEPUAW/h1qU=
github.com/speedyhoon/text v0.0.0-20250319062420-ab0385d8dc04/go.mod h1:st0gsvKdzoX3YYrIRJeWWSUGZleYQAcIORdu/JAwXes=
github.com/speedyhoon/utl v0.0.0-20250911020201-cba0f7bd8705 h1:ioFWOc96v7kIARS/zlOmlnhOHZVV1AH4AOf9fIqQYhc=
github.com/speedyhoon/utl v0.0.0-20250911020201-cba0f7bd8705/go.mod h1:wfbkfK278UxeIC0hmDMExrrBoBSNbFOFjUpmqJ9v/og=
github.com/speedyhoon/utl/tf v0.0.0-20250911020201-cba0f7bd8705 h1:nvi+zPLoiMpzH/Hkiopauje/CVaC+9jUEU1K7zqFBgg=
github.com/speedyhoon/utl/tf v0.0.0-20250911020201-cba0f7bd8705/go.mod h1:F7pya3IfvPjg9EMkJ/YNS8pr1bCGzkCqzLb6Jw+6aJ4=
github.com/speedyhoon/vl v0.0.0-20260117111942-d1d44ded597d h1:hRg0/kvrxHoWPKR8cFDIPI5nS/5se31lS3q3Jl3tWvg=
github.com/speedyhoon/vl v0.0.0-20260117111942-d1d44ded597d/go.mod h1:086bIrEcKHZ+rECpWDM21haeekkb3f1XnL1jmPoZsUc=
github.com/stretchr/testify v1.11.1 h1:7s2iGBzp5EwR7/aIZr8ao5+dra3wiQyKjjFuvgVKu7U=
github.com/stretchr/testify v1.11.1/go.mod h1:wZwfW3scLgRK+23gO65QZefKpKQRnfz6sD981Nm4B6U=
github.com/xyproto/randomstring v1.0.5 h1:YtlWPoRdgMu3NZtP45drfy1GKoojuR7hmRcnhZqKjWU=
github.com/xyproto/randomstring v1.0.5/go.mod h1:rgmS5DeNXLivK7YprL0pY+lTuhNQW3iGxZ18UQApw/E=
golang.org/x/net v0.49.0 h1:eeHFmOGUTtaaPSGNmjBKpbng9MulQsJURQUAfUwY++o=
golang.org/x/net v0.49.0/go.mod h1:/ysNB2EvaqvesRkuLAyjI1ycPZlQHM3q01F02UY/MV8=
golang.org/x/sys v0.41.0 h1:Ivj+2Cp/ylzLiEU89QhWblYnOE9zerudt9Ftecq2C6k=
golang.org/x/sys v0.41.0/go.mod h1:OgkHotnGiDImocRcuBABYBEXf8A9a87e/uXjp9XT3ks=
gopkg.in/yaml.v3 v3.0.1 h1:fxVm/GzAzEWqLHuvctI91KS9hhNmmWOoWu0XTYJS7CA=
gopkg.in/yaml.v3 v3.0.1/go.mod h1:K4uyk7z7BCEPqu6E+C64Yfv1cQ7kz7rIZviUmN+EgEM=
